github.com/tuxdude/zzzlog v0.2.2 h1:EHkPEU5y46pmtlJp/7wOiqkNE1CZy704PfvK+BAXQIw=
github.com/tuxdude/zzzlog v0.2.2/go.mod h1:xF2YB8uuECY2MLgjzHFGUrRCvBiYD/ji/LjlWKx7Gno=
github.com/tuxdude/zzzlogi v0.1.0 h1:a7JrdqFcH3BTFxQaM6xOBYd+iI/oq3p/xOzCXnAjprM=
github.com/tuxdude/zzzlogi v0.1.0/go.mod h1:pDoI7GNJZuYLZtVx4WL7lOQuECECY+XCHF6Sbv7YvzY=
